
Microsoft Visual Studio Solution File, Format Version 12.00
# Visual Studio Version 17
VisualStudioVersion = 17.2.32630.192
MinimumVisualStudioVersion = 10.0.40219.1
Project("{FAE04EC0-301F-11D3-BF4B-00C04F79EFBC}") = "LogicalProgramDay6", "LogicalProgramDay6\LogicalProgramDay6.csproj", "{3080DCAF-985F-4AE6-ADF4-02E6EEF3978C}"
EndProject
Global
	GlobalSection(SolutionConfigurationPlatforms) = preSolution
		Debug|Any CPU = Debug|Any CPU
		Release|Any CPU = Release|Any CPU
	EndGlobalSection
	GlobalSection(ProjectConfigurationPlatforms) = postSolution
		{3080DCAF-985F-4AE6-ADF4-02E6EEF3978C}.Debug|Any CPU.ActiveCfg = Debug|Any CPU
		{3080DCAF-985F-4AE6-ADF4-02E6EEF3978C}.Debug|Any CPU.Build.0 = Debug|Any CPU
		{3080DCAF-985F-4AE6-ADF4-02E6EEF3978C}.Release|Any CPU.ActiveCfg = Release|Any CPU
		{3080DCAF-985F-4AE6-ADF4-02E6EEF3978C}.Release|Any CPU.Build.0 = Release|Any CPU
	EndGlobalSection
	GlobalSection(SolutionProperties) = preSolution
		HideSolutionNode = FALSE
	EndGlobalSection
	GlobalSection(ExtensibilityGlobals) = postSolution
		SolutionGuid = {0A263F69-B8F5-4781-8AAB-391A1855E664}
	EndGlobalSection
EndGlobal
